version = 1
requires-python = ">=3.11"

[[package]]
name = "ifcopenshell"
version = "0.8.3.post2"
source = { registry = "https://pypi.org/simple" }
dependencies = [
    { name = "isodate" },
    { name = "lark" },
    { name = "numpy" },
    { name = "python-dateutil" },
    { name = "shapely" },
    { name = "typing-extensions" },
]
wheels = [
    { url = "https://files.pythonhosted.org/packages/07/da/fa961f411d70da77bdce27f0687ce0c5570226b9128cd24e7126638ae198/ifcopenshell-0.8.3.post2-py310-none-macosx_10_15_x86_64.whl", hash = "sha256:35e548b6af5cd29d17dd7df6edfcb578acccb22f88535cebdb558752941e7c25", size = 39850896 },
    { url = "https://files.pythonhosted.org/packages/f3/3e/f9f6a910adea76af81a890747ddfd49839c9b1cba85b726ee864605e5624/ifcopenshell-0.8.3.post2-py310-none-macosx_11_0_arm64.whl", hash = "sha256:32b35c13ca6e3c02e8f84d5c96cd205cc64d54930f552f19f42cdfd89f4e4a05", size = 39140289 },
    { url = "https://files.pythonhosted.org/packages/5d/47/9fe1eabc28c86486a73ad721c25f0f1958fb2b3ffea009057c313f1c09e5/ifcopenshell-0.8.3.post2-py310-none-manylinux_2_31_x86_64.whl", hash = "sha256:52b984f15dfe0dad765d2ea1dc8afd7d95aaf4327760eada54a500753cdff1c7", size = 40948394 },
    { url = "https://files.pythonhosted.org/packages/51/b9/b67fb48d2ee54d7f60ef9c9f10f8132ba9cb2a42216fcbdfc05eb29f1825/ifcopenshell-0.8.3.post2-py310-none-win_amd64.whl", hash = "sha256:27cdc9cd5c78742a128b606da1afa6e4d179f718c68e7e13b4c3a926e23ea2c7", size = 21618154 },
    { url = "https://files.pythonhosted.org/packages/b9/8b/c9a4d6448571730e8ce83d57d2b0b692be494692af37bdefa8c1b8b5e605/ifcopenshell-0.8.3.post2-py311-none-macosx_10_15_x86_64.whl", hash = "sha256:40403fdea2715ea3ff3fabfa655a46973bbc004d22396bec0980b3c76b24f54f", size = 39850896 },
    { url = "https://files.pythonhosted.org/packages/50/e6/9d6c512eee2ece0908dd312432ecd4398960e912a517ff6f5d3acdf1bde3/ifcopenshell-0.8.3.post2-py311-none-macosx_11_0_arm64.whl", hash = "sha256:dd312e276ed54c044ef04f495852c3ac26c94c516c5ff18d545c58b1513547c6", size = 39140293 },
    { url = "https://files.pythonhosted.org/packages/3e/0d/15120e669b09b56204b422dcebc5b58b3812c0a29145e694c165388bf8f7/ifcopenshell-0.8.3.post2-py311-none-manylinux_2_31_x86_64.whl", hash = "sha256:49c1690d1fdc5a1a54ae1feb042b33b9d8fe96d3af5cfed2f9c76c01fa6d0635", size = 41309792 },
    { url = "https://files.pythonhosted.org/packages/92/15/ff52115de4dc5c9d588246bccbb24d8f8df56ee29dd6a0dd832c23d37016/ifcopenshell-0.8.3.post2-py311-none-win_amd64.whl", hash = "sha256:e4f1895abd1831e7d21af0dd30645144e7e2d50996caaf35c3d91ae3b1eb98f5", size = 21618411 },
    { url = "https://files.pythonhosted.org/packages/4e/f7/c2c51f5d4bc5dd78c378b20c3aa7e3724e99c2999bfe8058a8e97dc51f4d/ifcopenshell-0.8.3.post2-py312-none-macosx_10_15_x86_64.whl", hash = "sha256:0070c15a80feb5d22bd573692096148ca0beaff85b44fc8391311c051997ae80", size = 39861249 },
    { url = "https://files.pythonhosted.org/packages/ff/b7/1188295a016c36d080993a2b55f267f200afbf1298cfd8b719bd4c8141d7/ifcopenshell-0.8.3.post2-py312-none-macosx_11_0_arm64.whl", hash = "sha256:08d55305d692860aef88f784c51d2fc9477f01c9b2c1af9d4a87f968798ee78d", size = 39117661 },
    { url = "https://files.pythonhosted.org/packages/49/74/8d0625f8eb39596503a9d24f610274030ff47a6f856ba874d06c98015548/ifcopenshell-0.8.3.post2-py312-none-manylinux_2_31_x86_64.whl", hash = "sha256:9e9e86f7a01049e13866689a1ac1ffcffceb05af1dda9da50e5e409071909f06", size = 41590131 },
    { url = "https://files.pythonhosted.org/packages/e1/b2/2a85af106d933585099c391743c2ae1d700ef615484b69ad10c65ab74d8a/ifcopenshell-0.8.3.post2-py312-none-win_amd64.whl", hash = "sha256:ac0d78e5ef868f7b4764d0d9cd0acd0780bf76d9e0c224a5ff3970bfedb442b3", size = 21620494 },
    { url = "https://files.pythonhosted.org/packages/e5/a7/13ebb6fce89a6731cc2b27ac62b69800cec72c6ca35fec273232bad0a0e6/ifcopenshell-0.8.3.post2-py313-none-macosx_10_15_x86_64.whl", hash = "sha256:b7d176f8b32c7e4f572a2f351e39224b9c4adec455041865968890008cf8b883", size = 39861243 },
    { url = "https://files.pythonhosted.org/packages/18/c6/5cc422a7980a413777ce3fe264d98880508830fc25808653d773551f71ef/ifcopenshell-0.8.3.post2-py313-none-macosx_11_0_arm64.whl", hash = "sha256:cd1003bd0a96e5aa23c9ce48827139f55e77bd632baede7f4d5b0263f162d9c9", size = 39117664 },
    { url = "https://files.pythonhosted.org/packages/9c/a5/ea2d0fddecce268621dd89bdefa5c13833109a08a698231589235b44f1e2/ifcopenshell-0.8.3.post2-py313-none-manylinux_2_31_x86_64.whl", hash = "sha256:f13738caa346d5816e63f0886b645f8bf53e978a9bc4047df5a755507a4c4fbe", size = 41428605 },
    { url = "https://files.pythonhosted.org/packages/2d/ba/30184ed671e7e73e5777cd7ad24d5b37ea8e5c962b0c70134d45447038c1/ifcopenshell-0.8.3.post2-py313-none-win_amd64.whl", hash = "sha256:6075b06302fd9c67adea16854cd626b45ecd2ad53199b55ce0bfee135c92a91a", size = 21620061 },
    { url = "https://files.pythonhosted.org/packages/80/49/8f736f8665c65dc064c54d40079081b2edb6e84b00b64f16b9110f58d558/ifcopenshell-0.8.3.post2-py39-none-macosx_10_15_x86_64.whl", hash = "sha256:aeb9dd43c4f0fd61c94f3a3868df38ebce00a3c21650dda4ef9559689ab4a1f9", size = 39850893 },
    { url = "https://files.pythonhosted.org/packages/74/48/cdfa5bf1a078d81df3ae57fa237acc312ca7cb9cb1d9822cb1020f255f2d/ifcopenshell-0.8.3.post2-py39-none-macosx_11_0_arm64.whl", hash = "sha256:e20d426cd8a594585d7198212691da03a331cb5107172e1fe0b55e9403929338", size = 39140290 },
    { url = "https://files.pythonhosted.org/packages/19/84/a2baff24a9aded15113ddd03107614e36a3d6bd698a7c7a14ecc18bf1e83/ifcopenshell-0.8.3.post2-py39-none-manylinux_2_31_x86_64.whl", hash = "sha256:f0458b6e2a89ed082273671430a36811c5ef5d08bdd7d3711115c7fecc8f910f", size = 40917046 },
    { url = "https://files.pythonhosted.org/packages/b8/55/b21cf709e919962f4205c53ea4e6e78304db5c5a53e28230cbd6bbb01ddf/ifcopenshell-0.8.3.post2-py39-none-win_amd64.whl", hash = "sha256:6e560505805f69f651cc315ea19d5f420baa725060cd12e3454016fb3915c72b", size = 21619507 },
]

[[package]]
name = "isodate"
version = "0.7.2"
source = { registry = "https://pypi.org/simple" }
sdist = { url = "https://files.pythonhosted.org/packages/54/4d/e940025e2ce31a8ce1202635910747e5a87cc3a6a6bb2d00973375014749/isodate-0.7.2.tar.gz", hash = "sha256:4cd1aa0f43ca76f4a6c6c0292a85f40b35ec2e43e315b59f06e6d32171a953e6", size = 29705 }
wheels = [
    { url = "https://files.pythonhosted.org/packages/15/aa/0aca39a37d3c7eb941ba736ede56d689e7be91cab5d9ca846bde3999eba6/isodate-0.7.2-py3-none-any.whl", hash = "sha256:28009937d8031054830160fce6d409ed342816b543597cece116d966c6d99e15", size = 22320 },
]

[[package]]
name = "lark"
version = "1.2.2"
source = { registry = "https://pypi.org/simple" }
sdist = { url = "https://files.pythonhosted.org/packages/af/60/bc7622aefb2aee1c0b4ba23c1446d3e30225c8770b38d7aedbfb65ca9d5a/lark-1.2.2.tar.gz", hash = "sha256:ca807d0162cd16cef15a8feecb862d7319e7a09bdb13aef927968e45040fed80", size = 252132 }
wheels = [
    { url = "https://files.pythonhosted.org/packages/2d/00/d90b10b962b4277f5e64a78b6609968859ff86889f5b898c1a778c06ec00/lark-1.2.2-py3-none-any.whl", hash = "sha256:c2276486b02f0f1b90be155f2c8ba4a8e194d42775786db622faccd652d8e80c", size = 111036 },
]

[[package]]
name = "numpy"
version = "2.3.3"
source = { registry = "https://pypi.org/simple" }
sdist = { url = "https://files.pythonhosted.org/packages/d0/19/95b3d357407220ed24c139018d2518fab0a61a948e68286a25f1a4d049ff/numpy-2.3.3.tar.gz", hash = "sha256:ddc7c39727ba62b80dfdbedf400d1c10ddfa8eefbd7ec8dcb118be8b56d31029", size = 20576648 }
wheels = [
    { url = "https://files.pythonhosted.org/packages/7a/45/e80d203ef6b267aa29b22714fb558930b27960a0c5ce3c19c999232bb3eb/numpy-2.3.3-cp311-cp311-macosx_10_9_x86_64.whl", hash = "sha256:0ffc4f5caba7dfcbe944ed674b7eef683c7e94874046454bb79ed7ee0236f59d", size = 21259253 },
    { url = "https://files.pythonhosted.org/packages/52/18/cf2c648fccf339e59302e00e5f2bc87725a3ce1992f30f3f78c9044d7c43/numpy-2.3.3-cp311-cp311-macosx_11_0_arm64.whl", hash = "sha256:e7e946c7170858a0295f79a60214424caac2ffdb0063d4d79cb681f9aa0aa569", size = 14450980 },
    { url = "https://files.pythonhosted.org/packages/93/fb/9af1082bec870188c42a1c239839915b74a5099c392389ff04215dcee812/numpy-2.3.3-cp311-cp311-macosx_14_0_arm64.whl", hash = "sha256:cd4260f64bc794c3390a63bf0728220dd1a68170c169088a1e0dfa2fde1be12f", size = 5379709 },
    { url = "https://files.pythonhosted.org/packages/75/0f/bfd7abca52bcbf9a4a65abc83fe18ef01ccdeb37bfb28bbd6ad613447c79/numpy-2.3.3-cp311-cp311-macosx_14_0_x86_64.whl", hash = "sha256:f0ddb4b96a87b6728df9362135e764eac3cfa674499943ebc44ce96c478ab125", size = 6913923 },
    { url = "https://files.pythonhosted.org/packages/79/55/d69adad255e87ab7afda1caf93ca997859092afeb697703e2f010f7c2e55/numpy-2.3.3-cp311-cp311-manylinux_2_27_aarch64.manylinux_2_28_aarch64.whl", hash = "sha256:afd07d377f478344ec6ca2b8d4ca08ae8bd44706763d1efb56397de606393f48", size = 14589591 },
    { url = "https://files.pythonhosted.org/packages/10/a2/010b0e27ddeacab7839957d7a8f00e91206e0c2c47abbb5f35a2630e5387/numpy-2.3.3-cp311-cp311-manylinux_2_27_x86_64.manylinux_2_28_x86_64.whl", hash = "sha256:bc92a5dedcc53857249ca51ef29f5e5f2f8c513e22cfb90faeb20343b8c6f7a6", size = 16938714 },
    { url = "https://files.pythonhosted.org/packages/1c/6b/12ce8ede632c7126eb2762b9e15e18e204b81725b81f35176eac14dc5b82/numpy-2.3.3-cp311-cp311-musllinux_1_2_aarch64.whl", hash = "sha256:7af05ed4dc19f308e1d9fc759f36f21921eb7bbfc82843eeec6b2a2863a0aefa", size = 16370592 },
    { url = "https://files.pythonhosted.org/packages/b4/35/aba8568b2593067bb6a8fe4c52babb23b4c3b9c80e1b49dff03a09925e4a/numpy-2.3.3-cp311-cp311-musllinux_1_2_x86_64.whl", hash = "sha256:433bf137e338677cebdd5beac0199ac84712ad9d630b74eceeb759eaa45ddf30", size = 18884474 },
    { url = "https://files.pythonhosted.org/packages/45/fa/7f43ba10c77575e8be7b0138d107e4f44ca4a1ef322cd16980ea3e8b8222/numpy-2.3.3-cp311-cp311-win32.whl", hash = "sha256:eb63d443d7b4ffd1e873f8155260d7f58e7e4b095961b01c91062935c2491e57", size = 6599794 },
    { url = "https://files.pythonhosted.org/packages/0a/a2/a4f78cb2241fe5664a22a10332f2be886dcdea8784c9f6a01c272da9b426/numpy-2.3.3-cp311-cp311-win_amd64.whl", hash = "sha256:ec9d249840f6a565f58d8f913bccac2444235025bbb13e9a4681783572ee3caa", size = 13088104 },
    { url = "https://files.pythonhosted.org/packages/79/64/e424e975adbd38282ebcd4891661965b78783de893b381cbc4832fb9beb2/numpy-2.3.3-cp311-cp311-win_arm64.whl", hash = "sha256:74c2a948d02f88c11a3c075d9733f1ae67d97c6bdb97f2bb542f980458b257e7", size = 10460772 },
    { url = "https://files.pythonhosted.org/packages/51/5d/bb7fc075b762c96329147799e1bcc9176ab07ca6375ea976c475482ad5b3/numpy-2.3.3-cp312-cp312-macosx_10_13_x86_64.whl", hash = "sha256:cfdd09f9c84a1a934cde1eec2267f0a43a7cd44b2cca4ff95b7c0d14d144b0bf", size = 20957014 },
    { url = "https://files.pythonhosted.org/packages/6b/0e/c6211bb92af26517acd52125a237a92afe9c3124c6a68d3b9f81b62a0568/numpy-2.3.3-cp312-cp312-macosx_11_0_arm64.whl", hash = "sha256:cb32e3cf0f762aee47ad1ddc6672988f7f27045b0783c887190545baba73aa25", size = 14185220 },
    { url = "https://files.pythonhosted.org/packages/22/f2/07bb754eb2ede9073f4054f7c0286b0d9d2e23982e090a80d478b26d35ca/numpy-2.3.3-cp312-cp312-macosx_14_0_arm64.whl", hash = "sha256:396b254daeb0a57b1fe0ecb5e3cff6fa79a380fa97c8f7781a6d08cd429418fe", size = 5113918 },
    { url = "https://files.pythonhosted.org/packages/81/0a/afa51697e9fb74642f231ea36aca80fa17c8fb89f7a82abd5174023c3960/numpy-2.3.3-cp312-cp312-macosx_14_0_x86_64.whl", hash = "sha256:067e3d7159a5d8f8a0b46ee11148fc35ca9b21f61e3c49fbd0a027450e65a33b", size = 6647922 },
    { url = "https://files.pythonhosted.org/packages/5d/f5/122d9cdb3f51c520d150fef6e87df9279e33d19a9611a87c0d2cf78a89f4/numpy-2.3.3-cp312-cp312-manylinux_2_27_aarch64.manylinux_2_28_aarch64.whl", hash = "sha256:1c02d0629d25d426585fb2e45a66154081b9fa677bc92a881ff1d216bc9919a8", size = 14281991 },
    { url = "https://files.pythonhosted.org/packages/51/64/7de3c91e821a2debf77c92962ea3fe6ac2bc45d0778c1cbe15d4fce2fd94/numpy-2.3.3-cp312-cp312-manylinux_2_27_x86_64.manylinux_2_28_x86_64.whl", hash = "sha256:d9192da52b9745f7f0766531dcfa978b7763916f158bb63bdb8a1eca0068ab20", size = 16641643 },
    { url = "https://files.pythonhosted.org/packages/30/e4/961a5fa681502cd0d68907818b69f67542695b74e3ceaa513918103b7e80/numpy-2.3.3-cp312-cp312-musllinux_1_2_aarch64.whl", hash = "sha256:cd7de500a5b66319db419dc3c345244404a164beae0d0937283b907d8152e6ea", size = 16056787 },
    { url = "https://files.pythonhosted.org/packages/99/26/92c912b966e47fbbdf2ad556cb17e3a3088e2e1292b9833be1dfa5361a1a/numpy-2.3.3-cp312-cp312-musllinux_1_2_x86_64.whl", hash = "sha256:93d4962d8f82af58f0b2eb85daaf1b3ca23fe0a85d0be8f1f2b7bb46034e56d7", size = 18579598 },
    { url = "https://files.pythonhosted.org/packages/17/b6/fc8f82cb3520768718834f310c37d96380d9dc61bfdaf05fe5c0b7653e01/numpy-2.3.3-cp312-cp312-win32.whl", hash = "sha256:5534ed6b92f9b7dca6c0a19d6df12d41c68b991cef051d108f6dbff3babc4ebf", size = 6320800 },
    { url = "https://files.pythonhosted.org/packages/32/ee/de999f2625b80d043d6d2d628c07d0d5555a677a3cf78fdf868d409b8766/numpy-2.3.3-cp312-cp312-win_amd64.whl", hash = "sha256:497d7cad08e7092dba36e3d296fe4c97708c93daf26643a1ae4b03f6294d30eb", size = 12786615 },
    { url = "https://files.pythonhosted.org/packages/49/6e/b479032f8a43559c383acb20816644f5f91c88f633d9271ee84f3b3a996c/numpy-2.3.3-cp312-cp312-win_arm64.whl", hash = "sha256:ca0309a18d4dfea6fc6262a66d06c26cfe4640c3926ceec90e57791a82b6eee5", size = 10195936 },
    { url = "https://files.pythonhosted.org/packages/7d/b9/984c2b1ee61a8b803bf63582b4ac4242cf76e2dbd663efeafcb620cc0ccb/numpy-2.3.3-cp313-cp313-macosx_10_13_x86_64.whl", hash = "sha256:f5415fb78995644253370985342cd03572ef8620b934da27d77377a2285955bf", size = 20949588 },
    { url = "https://files.pythonhosted.org/packages/a6/e4/07970e3bed0b1384d22af1e9912527ecbeb47d3b26e9b6a3bced068b3bea/numpy-2.3.3-cp313-cp313-macosx_11_0_arm64.whl", hash = "sha256:d00de139a3324e26ed5b95870ce63be7ec7352171bc69a4cf1f157a48e3eb6b7", size = 14177802 },
    { url = "https://files.pythonhosted.org/packages/35/c7/477a83887f9de61f1203bad89cf208b7c19cc9fef0cebef65d5a1a0619f2/numpy-2.3.3-cp313-cp313-macosx_14_0_arm64.whl", hash = "sha256:9dc13c6a5829610cc07422bc74d3ac083bd8323f14e2827d992f9e52e22cd6a6", size = 5106537 },
    { url = "https://files.pythonhosted.org/packages/52/47/93b953bd5866a6f6986344d045a207d3f1cfbad99db29f534ea9cee5108c/numpy-2.3.3-cp313-cp313-macosx_14_0_x86_64.whl", hash = "sha256:d79715d95f1894771eb4e60fb23f065663b2298f7d22945d66877aadf33d00c7", size = 6640743 },
    { url = "https://files.pythonhosted.org/packages/23/83/377f84aaeb800b64c0ef4de58b08769e782edcefa4fea712910b6f0afd3c/numpy-2.3.3-cp313-cp313-manylinux_2_27_aarch64.manylinux_2_28_aarch64.whl", hash = "sha256:952cfd0748514ea7c3afc729a0fc639e61655ce4c55ab9acfab14bda4f402b4c", size = 14278881 },
    { url = "https://files.pythonhosted.org/packages/9a/a5/bf3db6e66c4b160d6ea10b534c381a1955dfab34cb1017ea93aa33c70ed3/numpy-2.3.3-cp313-cp313-manylinux_2_27_x86_64.manylinux_2_28_x86_64.whl", hash = "sha256:5b83648633d46f77039c29078751f80da65aa64d5622a3cd62aaef9d835b6c93", size = 16636301 },
    { url = "https://files.pythonhosted.org/packages/a2/59/1287924242eb4fa3f9b3a2c30400f2e17eb2707020d1c5e3086fe7330717/numpy-2.3.3-cp313-cp313-musllinux_1_2_aarch64.whl", hash = "sha256:b001bae8cea1c7dfdb2ae2b017ed0a6f2102d7a70059df1e338e307a4c78a8ae", size = 16053645 },
    { url = "https://files.pythonhosted.org/packages/e6/93/b3d47ed882027c35e94ac2320c37e452a549f582a5e801f2d34b56973c97/numpy-2.3.3-cp313-cp313-musllinux_1_2_x86_64.whl", hash = "sha256:8e9aced64054739037d42fb84c54dd38b81ee238816c948c8f3ed134665dcd86", size = 18578179 },
    { url = "https://files.pythonhosted.org/packages/20/d9/487a2bccbf7cc9d4bfc5f0f197761a5ef27ba870f1e3bbb9afc4bbe3fcc2/numpy-2.3.3-cp313-cp313-win32.whl", hash = "sha256:9591e1221db3f37751e6442850429b3aabf7026d3b05542d102944ca7f00c8a8", size = 6312250 },
    { url = "https://files.pythonhosted.org/packages/1b/b5/263ebbbbcede85028f30047eab3d58028d7ebe389d6493fc95ae66c636ab/numpy-2.3.3-cp313-cp313-win_amd64.whl", hash = "sha256:f0dadeb302887f07431910f67a14d57209ed91130be0adea2f9793f1a4f817cf", size = 12783269 },
    { url = "https://files.pythonhosted.org/packages/fa/75/67b8ca554bbeaaeb3fac2e8bce46967a5a06544c9108ec0cf5cece559b6c/numpy-2.3.3-cp313-cp313-win_arm64.whl", hash = "sha256:3c7cf302ac6e0b76a64c4aecf1a09e51abd9b01fc7feee80f6c43e3ab1b1dbc5", size = 10195314 },
    { url = "https://files.pythonhosted.org/packages/11/d0/0d1ddec56b162042ddfafeeb293bac672de9b0cfd688383590090963720a/numpy-2.3.3-cp313-cp313t-macosx_10_13_x86_64.whl", hash = "sha256:eda59e44957d272846bb407aad19f89dc6f58fecf3504bd144f4c5cf81a7eacc", size = 21048025 },
    { url = "https://files.pythonhosted.org/packages/36/9e/1996ca6b6d00415b6acbdd3c42f7f03ea256e2c3f158f80bd7436a8a19f3/numpy-2.3.3-cp313-cp313t-macosx_11_0_arm64.whl", hash = "sha256:823d04112bc85ef5c4fda73ba24e6096c8f869931405a80aa8b0e604510a26bc", size = 14301053 },
    { url = "https://files.pythonhosted.org/packages/05/24/43da09aa764c68694b76e84b3d3f0c44cb7c18cdc1ba80e48b0ac1d2cd39/numpy-2.3.3-cp313-cp313t-macosx_14_0_arm64.whl", hash = "sha256:40051003e03db4041aa325da2a0971ba41cf65714e65d296397cc0e32de6018b", size = 5229444 },
    { url = "https://files.pythonhosted.org/packages/bc/14/50ffb0f22f7218ef8af28dd089f79f68289a7a05a208db9a2c5dcbe123c1/numpy-2.3.3-cp313-cp313t-macosx_14_0_x86_64.whl", hash = "sha256:6ee9086235dd6ab7ae75aba5662f582a81ced49f0f1c6de4260a78d8f2d91a19", size = 6738039 },
    { url = "https://files.pythonhosted.org/packages/55/52/af46ac0795e09657d45a7f4db961917314377edecf66db0e39fa7ab5c3d3/numpy-2.3.3-cp313-cp313t-manylinux_2_27_aarch64.manylinux_2_28_aarch64.whl", hash = "sha256:94fcaa68757c3e2e668ddadeaa86ab05499a70725811e582b6a9858dd472fb30", size = 14352314 },
    { url = "https://files.pythonhosted.org/packages/a7/b1/dc226b4c90eb9f07a3fff95c2f0db3268e2e54e5cce97c4ac91518aee71b/numpy-2.3.3-cp313-cp313t-manylinux_2_27_x86_64.manylinux_2_28_x86_64.whl", hash = "sha256:da1a74b90e7483d6ce5244053399a614b1d6b7bc30a60d2f570e5071f8959d3e", size = 16701722 },
    { url = "https://files.pythonhosted.org/packages/9d/9d/9d8d358f2eb5eced14dba99f110d83b5cd9a4460895230f3b396ad19a323/numpy-2.3.3-cp313-cp313t-musllinux_1_2_aarch64.whl", hash = "sha256:2990adf06d1ecee3b3dcbb4977dfab6e9f09807598d647f04d385d29e7a3c3d3", size = 16132755 },
    { url = "https://files.pythonhosted.org/packages/b6/27/b3922660c45513f9377b3fb42240bec63f203c71416093476ec9aa0719dc/numpy-2.3.3-cp313-cp313t-musllinux_1_2_x86_64.whl", hash = "sha256:ed635ff692483b8e3f0fcaa8e7eb8a75ee71aa6d975388224f70821421800cea", size = 18651560 },
    { url = "https://files.pythonhosted.org/packages/5b/8e/3ab61a730bdbbc201bb245a71102aa609f0008b9ed15255500a99cd7f780/numpy-2.3.3-cp313-cp313t-win32.whl", hash = "sha256:a333b4ed33d8dc2b373cc955ca57babc00cd6f9009991d9edc5ddbc1bac36bcd", size = 6442776 },
    { url = "https://files.pythonhosted.org/packages/1c/3a/e22b766b11f6030dc2decdeff5c2fb1610768055603f9f3be88b6d192fb2/numpy-2.3.3-cp313-cp313t-win_amd64.whl", hash = "sha256:4384a169c4d8f97195980815d6fcad04933a7e1ab3b530921c3fef7a1c63426d", size = 12927281 },
    { url = "https://files.pythonhosted.org/packages/7b/42/c2e2bc48c5e9b2a83423f99733950fbefd86f165b468a3d85d52b30bf782/numpy-2.3.3-cp313-cp313t-win_arm64.whl", hash = "sha256:75370986cc0bc66f4ce5110ad35aae6d182cc4ce6433c40ad151f53690130bf1", size = 10265275 },
    { url = "https://files.pythonhosted.org/packages/6b/01/342ad585ad82419b99bcf7cebe99e61da6bedb89e213c5fd71acc467faee/numpy-2.3.3-cp314-cp314-macosx_10_13_x86_64.whl", hash = "sha256:cd052f1fa6a78dee696b58a914b7229ecfa41f0a6d96dc663c1220a55e137593", size = 20951527 },
    { url = "https://files.pythonhosted.org/packages/ef/d8/204e0d73fc1b7a9ee80ab1fe1983dd33a4d64a4e30a05364b0208e9a241a/numpy-2.3.3-cp314-cp314-macosx_11_0_arm64.whl", hash = "sha256:414a97499480067d305fcac9716c29cf4d0d76db6ebf0bf3cbce666677f12652", size = 14186159 },
    { url = "https://files.pythonhosted.org/packages/22/af/f11c916d08f3a18fb8ba81ab72b5b74a6e42ead4c2846d270eb19845bf74/numpy-2.3.3-cp314-cp314-macosx_14_0_arm64.whl", hash = "sha256:50a5fe69f135f88a2be9b6ca0481a68a136f6febe1916e4920e12f1a34e708a7", size = 5114624 },
    { url = "https://files.pythonhosted.org/packages/fb/11/0ed919c8381ac9d2ffacd63fd1f0c34d27e99cab650f0eb6f110e6ae4858/numpy-2.3.3-cp314-cp314-macosx_14_0_x86_64.whl", hash = "sha256:b912f2ed2b67a129e6a601e9d93d4fa37bef67e54cac442a2f588a54afe5c67a", size = 6642627 },
    { url = "https://files.pythonhosted.org/packages/ee/83/deb5f77cb0f7ba6cb52b91ed388b47f8f3c2e9930d4665c600408d9b90b9/numpy-2.3.3-cp314-cp314-manylinux_2_27_aarch64.manylinux_2_28_aarch64.whl", hash = "sha256:9e318ee0596d76d4cb3d78535dc005fa60e5ea348cd131a51e99d0bdbe0b54fe", size = 14296926 },
    { url = "https://files.pythonhosted.org/packages/77/cc/70e59dcb84f2b005d4f306310ff0a892518cc0c8000a33d0e6faf7ca8d80/numpy-2.3.3-cp314-cp314-manylinux_2_27_x86_64.manylinux_2_28_x86_64.whl", hash = "sha256:ce020080e4a52426202bdb6f7691c65bb55e49f261f31a8f506c9f6bc7450421", size = 16638958 },
    { url = "https://files.pythonhosted.org/packages/b6/5a/b2ab6c18b4257e099587d5b7f903317bd7115333ad8d4ec4874278eafa61/numpy-2.3.3-cp314-cp314-musllinux_1_2_aarch64.whl", hash = "sha256:e6687dc183aa55dae4a705b35f9c0f8cb178bcaa2f029b241ac5356221d5c021", size = 16071920 },
    { url = "https://files.pythonhosted.org/packages/b8/f1/8b3fdc44324a259298520dd82147ff648979bed085feeacc1250ef1656c0/numpy-2.3.3-cp314-cp314-musllinux_1_2_x86_64.whl", hash = "sha256:d8f3b1080782469fdc1718c4ed1d22549b5fb12af0d57d35e992158a772a37cf", size = 18577076 },
    { url = "https://files.pythonhosted.org/packages/f0/a1/b87a284fb15a42e9274e7fcea0dad259d12ddbf07c1595b26883151ca3b4/numpy-2.3.3-cp314-cp314-win32.whl", hash = "sha256:cb248499b0bc3be66ebd6578b83e5acacf1d6cb2a77f2248ce0e40fbec5a76d0", size = 6366952 },
    { url = "https://files.pythonhosted.org/packages/70/5f/1816f4d08f3b8f66576d8433a66f8fa35a5acfb3bbd0bf6c31183b003f3d/numpy-2.3.3-cp314-cp314-win_amd64.whl", hash = "sha256:691808c2b26b0f002a032c73255d0bd89751425f379f7bcd22d140db593a96e8", size = 12919322 },
    { url = "https://files.pythonhosted.org/packages/8c/de/072420342e46a8ea41c324a555fa90fcc11637583fb8df722936aed1736d/numpy-2.3.3-cp314-cp314-win_arm64.whl", hash = "sha256:9ad12e976ca7b10f1774b03615a2a4bab8addce37ecc77394d8e986927dc0dfe", size = 10478630 },
    { url = "https://files.pythonhosted.org/packages/d5/df/ee2f1c0a9de7347f14da5dd3cd3c3b034d1b8607ccb6883d7dd5c035d631/numpy-2.3.3-cp314-cp314t-macosx_10_13_x86_64.whl", hash = "sha256:9cc48e09feb11e1db00b320e9d30a4151f7369afb96bd0e48d942d09da3a0d00", size = 21047987 },
    { url = "https://files.pythonhosted.org/packages/d6/92/9453bdc5a4e9e69cf4358463f25e8260e2ffc126d52e10038b9077815989/numpy-2.3.3-cp314-cp314t-macosx_11_0_arm64.whl", hash = "sha256:901bf6123879b7f251d3631967fd574690734236075082078e0571977c6a8e6a", size = 14301076 },
    { url = "https://files.pythonhosted.org/packages/13/77/1447b9eb500f028bb44253105bd67534af60499588a5149a94f18f2ca917/numpy-2.3.3-cp314-cp314t-macosx_14_0_arm64.whl", hash = "sha256:7f025652034199c301049296b59fa7d52c7e625017cae4c75d8662e377bf487d", size = 5229491 },
    { url = "https://files.pythonhosted.org/packages/3d/f9/d72221b6ca205f9736cb4b2ce3b002f6e45cd67cd6a6d1c8af11a2f0b649/numpy-2.3.3-cp314-cp314t-macosx_14_0_x86_64.whl", hash = "sha256:533ca5f6d325c80b6007d4d7fb1984c303553534191024ec6a524a4c92a5935a", size = 6737913 },
    { url = "https://files.pythonhosted.org/packages/3c/5f/d12834711962ad9c46af72f79bb31e73e416ee49d17f4c797f72c96b6ca5/numpy-2.3.3-cp314-cp314t-manylinux_2_27_aarch64.manylinux_2_28_aarch64.whl", hash = "sha256:0edd58682a399824633b66885d699d7de982800053acf20be1eaa46d92009c54", size = 14352811 },
    { url = "https://files.pythonhosted.org/packages/a1/0d/fdbec6629d97fd1bebed56cd742884e4eead593611bbe1abc3eb40d304b2/numpy-2.3.3-cp314-cp314t-manylinux_2_27_x86_64.manylinux_2_28_x86_64.whl", hash = "sha256:367ad5d8fbec5d9296d18478804a530f1191e24ab4d75ab408346ae88045d25e", size = 16702689 },
    { url = "https://files.pythonhosted.org/packages/9b/09/0a35196dc5575adde1eb97ddfbc3e1687a814f905377621d18ca9bc2b7dd/numpy-2.3.3-cp314-cp314t-musllinux_1_2_aarch64.whl", hash = "sha256:8f6ac61a217437946a1fa48d24c47c91a0c4f725237871117dea264982128097", size = 16133855 },
    { url = "https://files.pythonhosted.org/packages/7a/ca/c9de3ea397d576f1b6753eaa906d4cdef1bf97589a6d9825a349b4729cc2/numpy-2.3.3-cp314-cp314t-musllinux_1_2_x86_64.whl", hash = "sha256:179a42101b845a816d464b6fe9a845dfaf308fdfc7925387195570789bb2c970", size = 18652520 },
    { url = "https://files.pythonhosted.org/packages/fd/c2/e5ed830e08cd0196351db55db82f65bc0ab05da6ef2b72a836dcf1936d2f/numpy-2.3.3-cp314-cp314t-win32.whl", hash = "sha256:1250c5d3d2562ec4174bce2e3a1523041595f9b651065e4a4473f5f48a6bc8a5", size = 6515371 },
    { url = "https://files.pythonhosted.org/packages/47/c7/b0f6b5b67f6788a0725f744496badbb604d226bf233ba716683ebb47b570/numpy-2.3.3-cp314-cp314t-win_amd64.whl", hash = "sha256:b37a0b2e5935409daebe82c1e42274d30d9dd355852529eab91dab8dcca7419f", size = 13112576 },
    { url = "https://files.pythonhosted.org/packages/06/b9/33bba5ff6fb679aa0b1f8a07e853f002a6b04b9394db3069a1270a7784ca/numpy-2.3.3-cp314-cp314t-win_arm64.whl", hash = "sha256:78c9f6560dc7e6b3990e32df7ea1a50bbd0e2a111e05209963f5ddcab7073b0b", size = 10545953 },
    { url = "https://files.pythonhosted.org/packages/b8/f2/7e0a37cfced2644c9563c529f29fa28acbd0960dde32ece683aafa6f4949/numpy-2.3.3-pp311-pypy311_pp73-macosx_10_15_x86_64.whl", hash = "sha256:1e02c7159791cd481e1e6d5ddd766b62a4d5acf8df4d4d1afe35ee9c5c33a41e", size = 21131019 },
    { url = "https://files.pythonhosted.org/packages/1a/7e/3291f505297ed63831135a6cc0f474da0c868a1f31b0dd9a9f03a7a0d2ed/numpy-2.3.3-pp311-pypy311_pp73-macosx_11_0_arm64.whl", hash = "sha256:dca2d0fc80b3893ae72197b39f69d55a3cd8b17ea1b50aa4c62de82419936150", size = 14376288 },
    { url = "https://files.pythonhosted.org/packages/bf/4b/ae02e985bdeee73d7b5abdefeb98aef1207e96d4c0621ee0cf228ddfac3c/numpy-2.3.3-pp311-pypy311_pp73-macosx_14_0_arm64.whl", hash = "sha256:99683cbe0658f8271b333a1b1b4bb3173750ad59c0c61f5bbdc5b318918fffe3", size = 5305425 },
    { url = "https://files.pythonhosted.org/packages/8b/eb/9df215d6d7250db32007941500dc51c48190be25f2401d5b2b564e467247/numpy-2.3.3-pp311-pypy311_pp73-macosx_14_0_x86_64.whl", hash = "sha256:d9d537a39cc9de668e5cd0e25affb17aec17b577c6b3ae8a3d866b479fbe88d0", size = 6819053 },
    { url = "https://files.pythonhosted.org/packages/57/62/208293d7d6b2a8998a4a1f23ac758648c3c32182d4ce4346062018362e29/numpy-2.3.3-pp311-pypy311_pp73-manylinux_2_27_aarch64.manylinux_2_28_aarch64.whl", hash = "sha256:8596ba2f8af5f93b01d97563832686d20206d303024777f6dfc2e7c7c3f1850e", size = 14420354 },
    { url = "https://files.pythonhosted.org/packages/ed/0c/8e86e0ff7072e14a71b4c6af63175e40d1e7e933ce9b9e9f765a95b4e0c3/numpy-2.3.3-pp311-pypy311_pp73-manylinux_2_27_x86_64.manylinux_2_28_x86_64.whl", hash = "sha256:e1ec5615b05369925bd1125f27df33f3b6c8bc10d788d5999ecd8769a1fa04db", size = 16760413 },
    { url = "https://files.pythonhosted.org/packages/af/11/0cc63f9f321ccf63886ac203336777140011fb669e739da36d8db3c53b98/numpy-2.3.3-pp311-pypy311_pp73-win_amd64.whl", hash = "sha256:2e267c7da5bf7309670523896df97f93f6e469fb931161f483cd6882b3b1a5dc", size = 12971844 },
]

[[package]]
name = "polars"
version = "1.33.1"
source = { registry = "https://pypi.org/simple" }
sdist = { url = "https://files.pythonhosted.org/packages/85/da/8246f1d69d7e49f96f0c5529057a19af1536621748ef214bbd4112c83b8e/polars-1.33.1.tar.gz", hash = "sha256:fa3fdc34eab52a71498264d6ff9b0aa6955eb4b0ae8add5d3cb43e4b84644007", size = 4822485 }
wheels = [
    { url = "https://files.pythonhosted.org/packages/19/79/c51e7e1d707d8359bcb76e543a8315b7ae14069ecf5e75262a0ecb32e044/polars-1.33.1-cp39-abi3-macosx_10_12_x86_64.whl", hash = "sha256:3881c444b0f14778ba94232f077a709d435977879c1b7d7bd566b55bd1830bb5", size = 39132875 },
    { url = "https://files.pythonhosted.org/packages/f8/15/1094099a1b9cb4fbff58cd8ed3af8964f4d22a5b682ea0b7bb72bf4bc3d9/polars-1.33.1-cp39-abi3-macosx_11_0_arm64.whl", hash = "sha256:29200b89c9a461e6f06fc1660bc9c848407640ee30fe0e5ef4947cfd49d55337", size = 35638783 },
    { url = "https://files.pythonhosted.org/packages/8d/b9/9ac769e4d8e8f22b0f2e974914a63dd14dec1340cd23093de40f0d67d73b/polars-1.33.1-cp39-abi3-manylinux_2_17_x86_64.manylinux2014_x86_64.whl", hash = "sha256:444940646e76342abaa47f126c70e3e40b56e8e02a9e89e5c5d1c24b086db58a", size = 39742297 },
    { url = "https://files.pythonhosted.org/packages/7a/26/4c5da9f42fa067b2302fe62bcbf91faac5506c6513d910fae9548fc78d65/polars-1.33.1-cp39-abi3-manylinux_2_24_aarch64.whl", hash = "sha256:094a37d06789286649f654f229ec4efb9376630645ba8963b70cb9c0b008b3e1", size = 36684940 },
    { url = "https://files.pythonhosted.org/packages/06/a6/dc535da476c93b2efac619e04ab81081e004e4b4553352cd10e0d33a015d/polars-1.33.1-cp39-abi3-win_amd64.whl", hash = "sha256:c9781c704432a2276a185ee25898aa427f39a904fbe8fde4ae779596cdbd7a9e", size = 39456676 },
    { url = "https://files.pythonhosted.org/packages/cb/4e/a4300d52dd81b58130ccadf3873f11b3c6de54836ad4a8f32bac2bd2ba17/polars-1.33.1-cp39-abi3-win_arm64.whl", hash = "sha256:c3cfddb3b78eae01a218222bdba8048529fef7e14889a71e33a5198644427642", size = 35445171 },
]

[[package]]
name = "python-dateutil"
version = "2.9.0.post0"
source = { registry = "https://pypi.org/simple" }
dependencies = [
    { name = "six" },
]
sdist = { url = "https://files.pythonhosted.org/packages/66/c0/0c8b6ad9f17a802ee498c46e004a0eb49bc148f2fd230864601a86dcf6db/python-dateutil-2.9.0.post0.tar.gz", hash = "sha256:37dd54208da7e1cd875388217d5e00ebd4179249f90fb72437e91a35459a0ad3", size = 342432 }
wheels = [
    { url = "https://files.pythonhosted.org/packages/ec/57/56b9bcc3c9c6a792fcbaf139543cee77261f3651ca9da0c93f5c1221264b/python_dateutil-2.9.0.post0-py2.py3-none-any.whl", hash = "sha256:a8b2bc7bffae282281c8140a97d3aa9c14da0b136dfe83f850eea9a5f7470427", size = 229892 },
]

[[package]]
name = "shapely"
version = "2.1.1"
source = { registry = "https://pypi.org/simple" }
dependencies = [
    { name = "numpy" },
]
sdist = { url = "https://files.pythonhosted.org/packages/ca/3c/2da625233f4e605155926566c0e7ea8dda361877f48e8b1655e53456f252/shapely-2.1.1.tar.gz", hash = "sha256:500621967f2ffe9642454808009044c21e5b35db89ce69f8a2042c2ffd0e2772", size = 315422 }
wheels = [
    { url = "https://files.pythonhosted.org/packages/19/97/2df985b1e03f90c503796ad5ecd3d9ed305123b64d4ccb54616b30295b29/shapely-2.1.1-cp311-cp311-macosx_10_9_x86_64.whl", hash = "sha256:587a1aa72bc858fab9b8c20427b5f6027b7cbc92743b8e2c73b9de55aa71c7a7", size = 1819368 },
    { url = "https://files.pythonhosted.org/packages/56/17/504518860370f0a28908b18864f43d72f03581e2b6680540ca668f07aa42/shapely-2.1.1-cp311-cp311-macosx_11_0_arm64.whl", hash = "sha256:9fa5c53b0791a4b998f9ad84aad456c988600757a96b0a05e14bba10cebaaaea", size = 1625362 },
    { url = "https://files.pythonhosted.org/packages/36/a1/9677337d729b79fce1ef3296aac6b8ef4743419086f669e8a8070eff8f40/shapely-2.1.1-cp311-cp311-manylinux_2_17_aarch64.manylinux2014_aarch64.whl", hash = "sha256:aabecd038841ab5310d23495253f01c2a82a3aedae5ab9ca489be214aa458aa7", size = 2999005 },
    { url = "https://files.pythonhosted.org/packages/a2/17/e09357274699c6e012bbb5a8ea14765a4d5860bb658df1931c9f90d53bd3/shapely-2.1.1-cp311-cp311-manylinux_2_17_x86_64.manylinux2014_x86_64.whl", hash = "sha256:586f6aee1edec04e16227517a866df3e9a2e43c1f635efc32978bb3dc9c63753", size = 3108489 },
    { url = "https://files.pythonhosted.org/packages/17/5d/93a6c37c4b4e9955ad40834f42b17260ca74ecf36df2e81bb14d12221b90/shapely-2.1.1-cp311-cp311-musllinux_1_2_aarch64.whl", hash = "sha256:b9878b9e37ad26c72aada8de0c9cfe418d9e2ff36992a1693b7f65a075b28647", size = 3945727 },
    { url = "https://files.pythonhosted.org/packages/a3/1a/ad696648f16fd82dd6bfcca0b3b8fbafa7aacc13431c7fc4c9b49e481681/shapely-2.1.1-cp311-cp311-musllinux_1_2_x86_64.whl", hash = "sha256:d9a531c48f289ba355e37b134e98e28c557ff13965d4653a5228d0f42a09aed0", size = 4109311 },
    { url = "https://files.pythonhosted.org/packages/d4/38/150dd245beab179ec0d4472bf6799bf18f21b1efbef59ac87de3377dbf1c/shapely-2.1.1-cp311-cp311-win32.whl", hash = "sha256:4866de2673a971820c75c0167b1f1cd8fb76f2d641101c23d3ca021ad0449bab", size = 1522982 },
    { url = "https://files.pythonhosted.org/packages/93/5b/842022c00fbb051083c1c85430f3bb55565b7fd2d775f4f398c0ba8052ce/shapely-2.1.1-cp311-cp311-win_amd64.whl", hash = "sha256:20a9d79958b3d6c70d8a886b250047ea32ff40489d7abb47d01498c704557a93", size = 1703872 },
    { url = "https://files.pythonhosted.org/packages/fb/64/9544dc07dfe80a2d489060791300827c941c451e2910f7364b19607ea352/shapely-2.1.1-cp312-cp312-macosx_10_13_x86_64.whl", hash = "sha256:2827365b58bf98efb60affc94a8e01c56dd1995a80aabe4b701465d86dcbba43", size = 1833021 },
    { url = "https://files.pythonhosted.org/packages/07/aa/fb5f545e72e89b6a0f04a0effda144f5be956c9c312c7d4e00dfddbddbcf/shapely-2.1.1-cp312-cp312-macosx_11_0_arm64.whl", hash = "sha256:a9c551f7fa7f1e917af2347fe983f21f212863f1d04f08eece01e9c275903fad", size = 1643018 },
    { url = "https://files.pythonhosted.org/packages/03/46/61e03edba81de729f09d880ce7ae5c1af873a0814206bbfb4402ab5c3388/shapely-2.1.1-cp312-cp312-manylinux_2_17_aarch64.manylinux2014_aarch64.whl", hash = "sha256:78dec4d4fbe7b1db8dc36de3031767e7ece5911fb7782bc9e95c5cdec58fb1e9", size = 2986417 },
    { url = "https://files.pythonhosted.org/packages/1f/1e/83ec268ab8254a446b4178b45616ab5822d7b9d2b7eb6e27cf0b82f45601/shapely-2.1.1-cp312-cp312-manylinux_2_17_x86_64.manylinux2014_x86_64.whl", hash = "sha256:872d3c0a7b8b37da0e23d80496ec5973c4692920b90de9f502b5beb994bbaaef", size = 3098224 },
    { url = "https://files.pythonhosted.org/packages/f1/44/0c21e7717c243e067c9ef8fa9126de24239f8345a5bba9280f7bb9935959/shapely-2.1.1-cp312-cp312-musllinux_1_2_aarch64.whl", hash = "sha256:2e2b9125ebfbc28ecf5353511de62f75a8515ae9470521c9a693e4bb9fbe0cf1", size = 3925982 },
    { url = "https://files.pythonhosted.org/packages/15/50/d3b4e15fefc103a0eb13d83bad5f65cd6e07a5d8b2ae920e767932a247d1/shapely-2.1.1-cp312-cp312-musllinux_1_2_x86_64.whl", hash = "sha256:4b96cea171b3d7f6786976a0520f178c42792897653ecca0c5422fb1e6946e6d", size = 4089122 },
    { url = "https://files.pythonhosted.org/packages/bd/05/9a68f27fc6110baeedeeebc14fd86e73fa38738c5b741302408fb6355577/shapely-2.1.1-cp312-cp312-win32.whl", hash = "sha256:39dca52201e02996df02e447f729da97cfb6ff41a03cb50f5547f19d02905af8", size = 1522437 },
    { url = "https://files.pythonhosted.org/packages/bc/e9/a4560e12b9338842a1f82c9016d2543eaa084fce30a1ca11991143086b57/shapely-2.1.1-cp312-cp312-win_amd64.whl", hash = "sha256:13d643256f81d55a50013eff6321142781cf777eb6a9e207c2c9e6315ba6044a", size = 1703479 },
    { url = "https://files.pythonhosted.org/packages/71/8e/2bc836437f4b84d62efc1faddce0d4e023a5d990bbddd3c78b2004ebc246/shapely-2.1.1-cp313-cp313-macosx_10_13_x86_64.whl", hash = "sha256:3004a644d9e89e26c20286d5fdc10f41b1744c48ce910bd1867fdff963fe6c48", size = 1832107 },
    { url = "https://files.pythonhosted.org/packages/12/a2/12c7cae5b62d5d851c2db836eadd0986f63918a91976495861f7c492f4a9/shapely-2.1.1-cp313-cp313-macosx_11_0_arm64.whl", hash = "sha256:1415146fa12d80a47d13cfad5310b3c8b9c2aa8c14a0c845c9d3d75e77cb54f6", size = 1642355 },
    { url = "https://files.pythonhosted.org/packages/5b/7e/6d28b43d53fea56de69c744e34c2b999ed4042f7a811dc1bceb876071c95/shapely-2.1.1-cp313-cp313-manylinux_2_17_aarch64.manylinux2014_aarch64.whl", hash = "sha256:21fcab88b7520820ec16d09d6bea68652ca13993c84dffc6129dc3607c95594c", size = 2968871 },
    { url = "https://files.pythonhosted.org/packages/dd/87/1017c31e52370b2b79e4d29e07cbb590ab9e5e58cf7e2bdfe363765d6251/shapely-2.1.1-cp313-cp313-manylinux_2_17_x86_64.manylinux2014_x86_64.whl", hash = "sha256:e5ce6a5cc52c974b291237a96c08c5592e50f066871704fb5b12be2639d9026a", size = 3080830 },
    { url = "https://files.pythonhosted.org/packages/1d/fe/f4a03d81abd96a6ce31c49cd8aaba970eaaa98e191bd1e4d43041e57ae5a/shapely-2.1.1-cp313-cp313-musllinux_1_2_aarch64.whl", hash = "sha256:04e4c12a45a1d70aeb266618d8cf81a2de9c4df511b63e105b90bfdfb52146de", size = 3908961 },
    { url = "https://files.pythonhosted.org/packages/ef/59/7605289a95a6844056a2017ab36d9b0cb9d6a3c3b5317c1f968c193031c9/shapely-2.1.1-cp313-cp313-musllinux_1_2_x86_64.whl", hash = "sha256:6ca74d851ca5264aae16c2b47e96735579686cb69fa93c4078070a0ec845b8d8", size = 4079623 },
    { url = "https://files.pythonhosted.org/packages/bc/4d/9fea036eff2ef4059d30247128b2d67aaa5f0b25e9fc27e1d15cc1b84704/shapely-2.1.1-cp313-cp313-win32.whl", hash = "sha256:fd9130501bf42ffb7e0695b9ea17a27ae8ce68d50b56b6941c7f9b3d3453bc52", size = 1521916 },
    { url = "https://files.pythonhosted.org/packages/12/d9/6d13b8957a17c95794f0c4dfb65ecd0957e6c7131a56ce18d135c1107a52/shapely-2.1.1-cp313-cp313-win_amd64.whl", hash = "sha256:ab8d878687b438a2f4c138ed1a80941c6ab0029e0f4c785ecfe114413b498a97", size = 1702746 },
    { url = "https://files.pythonhosted.org/packages/60/36/b1452e3e7f35f5f6454d96f3be6e2bb87082720ff6c9437ecc215fa79be0/shapely-2.1.1-cp313-cp313t-macosx_10_13_x86_64.whl", hash = "sha256:0c062384316a47f776305ed2fa22182717508ffdeb4a56d0ff4087a77b2a0f6d", size = 1833482 },
    { url = "https://files.pythonhosted.org/packages/ce/ca/8e6f59be0718893eb3e478141285796a923636dc8f086f83e5b0ec0036d0/shapely-2.1.1-cp313-cp313t-macosx_11_0_arm64.whl", hash = "sha256:4ecf6c196b896e8f1360cc219ed4eee1c1e5f5883e505d449f263bd053fb8c05", size = 1642256 },
    { url = "https://files.pythonhosted.org/packages/ab/78/0053aea449bb1d4503999525fec6232f049abcdc8df60d290416110de943/shapely-2.1.1-cp313-cp313t-manylinux_2_17_aarch64.manylinux2014_aarch64.whl", hash = "sha256:fb00070b4c4860f6743c600285109c273cca5241e970ad56bb87bef0be1ea3a0", size = 3016614 },
    { url = "https://files.pythonhosted.org/packages/ee/53/36f1b1de1dfafd1b457dcbafa785b298ce1b8a3e7026b79619e708a245d5/shapely-2.1.1-cp313-cp313t-manylinux_2_17_x86_64.manylinux2014_x86_64.whl", hash = "sha256:d14a9afa5fa980fbe7bf63706fdfb8ff588f638f145a1d9dbc18374b5b7de913", size = 3093542 },
    { url = "https://files.pythonhosted.org/packages/b9/bf/0619f37ceec6b924d84427c88835b61f27f43560239936ff88915c37da19/shapely-2.1.1-cp313-cp313t-musllinux_1_2_aarch64.whl", hash = "sha256:b640e390dabde790e3fb947198b466e63223e0a9ccd787da5f07bcb14756c28d", size = 3945961 },
    { url = "https://files.pythonhosted.org/packages/93/c9/20ca4afeb572763b07a7997f00854cb9499df6af85929e93012b189d8917/shapely-2.1.1-cp313-cp313t-musllinux_1_2_x86_64.whl", hash = "sha256:69e08bf9697c1b73ec6aa70437db922bafcea7baca131c90c26d59491a9760f9", size = 4089514 },
    { url = "https://files.pythonhosted.org/packages/33/6a/27036a5a560b80012a544366bceafd491e8abb94a8db14047b5346b5a749/shapely-2.1.1-cp313-cp313t-win32.whl", hash = "sha256:ef2d09d5a964cc90c2c18b03566cf918a61c248596998a0301d5b632beadb9db", size = 1540607 },
    { url = "https://files.pythonhosted.org/packages/ea/f1/5e9b3ba5c7aa7ebfaf269657e728067d16a7c99401c7973ddf5f0cf121bd/shapely-2.1.1-cp313-cp313t-win_amd64.whl", hash = "sha256:8cb8f17c377260452e9d7720eeaf59082c5f8ea48cf104524d953e5d36d4bdb7", size = 1723061 },
]

[[package]]
name = "six"
version = "1.17.0"
source = { registry = "https://pypi.org/simple" }
sdist = { url = "https://files.pythonhosted.org/packages/94/e7/b2c673351809dca68a0e064b6af791aa332cf192da575fd474ed7d6f16a2/six-1.17.0.tar.gz", hash = "sha256:ff70335d468e7eb6ec65b95b99d3a2836546063f63acc5171de367e834932a81", size = 34031 }
wheels = [
    { url = "https://files.pythonhosted.org/packages/b7/ce/149a00dd41f10bc29e5921b496af8b574d8413afcd5e30dfa0ed46c2cc5e/six-1.17.0-py2.py3-none-any.whl", hash = "sha256:4721f391ed90541fddacab5acf947aa0d3dc7d27b2e1e8eda2be8970586c3274", size = 11050 },
]

[[package]]
name = "typing-extensions"
version = "4.15.0"
source = { registry = "https://pypi.org/simple" }
sdist = { url = "https://files.pythonhosted.org/packages/72/94/1a15dd82efb362ac84269196e94cf00f187f7ed21c242792a923cdb1c61f/typing_extensions-4.15.0.tar.gz", hash = "sha256:0cea48d173cc12fa28ecabc3b837ea3cf6f38c6d1136f85cbaaf598984861466", size = 109391 }
wheels = [
    { url = "https://files.pythonhosted.org/packages/18/67/36e9267722cc04a6b9f15c7f3441c2363321a3ea07da7ae0c0707beb2a9c/typing_extensions-4.15.0-py3-none-any.whl", hash = "sha256:f0fa19c6845758ab08074a0cfa8b7aecb71c999ca73d62883bc25cc018c4e548", size = 44614 },
]

[[package]]
name = "usd-core"
version = "25.8"
source = { registry = "https://pypi.org/simple" }
wheels = [
    { url = "https://files.pythonhosted.org/packages/a3/af/8dace54e7471fbdbc970cc3f5ea365d3150cc2a8c57c83afa9852f82fafb/usd_core-25.8-cp311-none-macosx_10_9_universal2.whl", hash = "sha256:b9fe2236205c4324115f73d60ae4f7a7cdab661e5b089bcdf330e5120a7abe5e", size = 37374950 },
    { url = "https://files.pythonhosted.org/packages/d5/a9/0a63ea2a54645e03e71780a5e95fb9f877a0382a24d3b4445fa676e1691b/usd_core-25.8-cp311-none-manylinux_2_17_x86_64.manylinux2014_x86_64.whl", hash = "sha256:ec4a897e828e7aa761bbbe48ec24e27be2212467495aa60f293f5097a38b542a", size = 26742066 },
    { url = "https://files.pythonhosted.org/packages/74/a3/bba9bd0527280540eed1e77e87d4e7943a56ea3796f2a574a53a2a32f554/usd_core-25.8-cp311-none-win_amd64.whl", hash = "sha256:44061c4833c4d4044cedf0a70b92b5dda7a3bbedc83b3fe2812976fd328df348", size = 12727802 },
    { url = "https://files.pythonhosted.org/packages/72/b9/2097f0a856c20a9bf952185e0e5ce97f17a1f1a2e6a739e559186a7f77f6/usd_core-25.8-cp312-none-macosx_10_9_universal2.whl", hash = "sha256:0d509e35d4fd56e7119ddde39886debdfafd219abc5584d011fe67e8e383a0a8", size = 37431221 },
    { url = "https://files.pythonhosted.org/packages/1d/27/aac9f2eb7cf3934d990ba6566379662ca4493f7cbb7270aa5f860e60fcbe/usd_core-25.8-cp312-none-manylinux_2_17_x86_64.manylinux2014_x86_64.whl", hash = "sha256:cf52c5a77a314681ffb571528dd5e14c0a2e591437606671b90ee4390700e384", size = 26623647 },
    { url = "https://files.pythonhosted.org/packages/c0/2b/7ba6d5f5e8e21c5056f27cc31bd31861d068caf8cb32803b2ae94f787168/usd_core-25.8-cp312-none-win_amd64.whl", hash = "sha256:ddb4845c7a7a42c8bf1bb6fcc4a3d7a3b1fecfdab105ad5e4ed9fa8dcd40ba95", size = 12771730 },
    { url = "https://files.pythonhosted.org/packages/18/b2/f07c4706c4809169ecae0f18da05ff37e47069a6c9978bb3e43c500f2c44/usd_core-25.8-cp313-none-macosx_10_9_universal2.whl", hash = "sha256:992756dac5ea29ad40eaac085126ae22e15b3f37174735d409ee0995420b584e", size = 37431897 },
    { url = "https://files.pythonhosted.org/packages/43/7b/f275eeb308883cf64f5b36a466efe45c12c72e0ddf011feff393ae67f329/usd_core-25.8-cp313-none-manylinux_2_17_x86_64.manylinux2014_x86_64.whl", hash = "sha256:e1882ee4821c9dda9e749caf1d7d80ac29b0f4000554cdb35dd4191d4816d3cc", size = 26624317 },
    { url = "https://files.pythonhosted.org/packages/63/5f/c32bf32ae163e6ad5257ec0cfcb58966275de5c55ae0a884bad71cd5f625/usd_core-25.8-cp313-none-win_amd64.whl", hash = "sha256:6d98ad58514afc5c28c9610b4e1017da9b460932192ce564cf311b2451b308de", size = 12771777 },
]

[[package]]
name = "usdx"
version = "0.1.0"
source = { virtual = "." }
dependencies = [
    { name = "ifcopenshell" },
    { name = "polars" },
    { name = "usd-core" },
]

[package.metadata]
requires-dist = [
    { name = "ifcopenshell", specifier = "==0.8.3.post2" },
    { name = "polars" },
    { name = "usd-core", specifier = "==25.8" },
]
